
Microsoft Visual Studio Solution File, Format Version 12.00
# Visual Studio Version 17
VisualStudioVersion = 17.2.32630.192
MinimumVisualStudioVersion = 10.0.40219.1
Project("{9A19103F-16F7-4668-BE54-9A1E7A4F7556}") = "PeekalinkSdk", "PeekalinkSdk\PeekalinkSdk.csproj", "{6CDDDB1A-AAE4-45A0-8778-D47CA725180A}"
EndProject
Project("{9A19103F-16F7-4668-BE54-9A1E7A4F7556}") = "PeekalinkSdk.Tests", "PeekalinkSdk.Tests\PeekalinkSdk.Tests.csproj", "{15622002-E79F-44CF-A131-F3E0EA785181}"
EndProject
Global
	GlobalSection(SolutionConfigurationPlatforms) = preSolution
		Debug|Any CPU = Debug|Any CPU
		Release|Any CPU = Release|Any CPU
	EndGlobalSection
	GlobalSection(ProjectConfigurationPlatforms) = postSolution
		{6CDDDB1A-AAE4-45A0-8778-D47CA725180A}.Debug|Any CPU.ActiveCfg = Debug|Any CPU
		{6CDDDB1A-AAE4-45A0-8778-D47CA725180A}.Debug|Any CPU.Build.0 = Debug|Any CPU
		{6CDDDB1A-AAE4-45A0-8778-D47CA725180A}.Release|Any CPU.ActiveCfg = Release|Any CPU
		{6CDDDB1A-AAE4-45A0-8778-D47CA725180A}.Release|Any CPU.Build.0 = Release|Any CPU
		{15622002-E79F-44CF-A131-F3E0EA785181}.Debug|Any CPU.ActiveCfg = Debug|Any CPU
		{15622002-E79F-44CF-A131-F3E0EA785181}.Debug|Any CPU.Build.0 = Debug|Any CPU
		{15622002-E79F-44CF-A131-F3E0EA785181}.Release|Any CPU.ActiveCfg = Release|Any CPU
		{15622002-E79F-44CF-A131-F3E0EA785181}.Release|Any CPU.Build.0 = Release|Any CPU
	EndGlobalSection
	GlobalSection(SolutionProperties) = preSolution
		HideSolutionNode = FALSE
	EndGlobalSection
	GlobalSection(ExtensibilityGlobals) = postSolution
		SolutionGuid = {83569BCD-4519-4DC1-8187-8FFD6EE20AC5}
	EndGlobalSection
EndGlobal
